
Microsoft Visual Studio Solution File, Format Version 12.00
# Visual Studio Version 17
VisualStudioVersion = 17.8.34322.80
MinimumVisualStudioVersion = 10.0.40219.1
Project("{FAE04EC0-301F-11D3-BF4B-00C04F79EFBC}") = "WashCarLavaDevagar", "WashCarLavaDevagar.csproj", "{0CEDD75A-F218-4459-A1A8-964CD81257CA}"
EndProject
Global
	GlobalSection(SolutionConfigurationPlatforms) = preSolution
		Debug|Any CPU = Debug|Any CPU
		Release|Any CPU = Release|Any CPU
	EndGlobalSection
	GlobalSection(ProjectConfigurationPlatforms) = postSolution
		{0CEDD75A-F218-4459-A1A8-964CD81257CA}.Debug|Any CPU.ActiveCfg = Debug|Any CPU
		{0CEDD75A-F218-4459-A1A8-964CD81257CA}.Debug|Any CPU.Build.0 = Debug|Any CPU
		{0CEDD75A-F218-4459-A1A8-964CD81257CA}.Release|Any CPU.ActiveCfg = Release|Any CPU
		{0CEDD75A-F218-4459-A1A8-964CD81257CA}.Release|Any CPU.Build.0 = Release|Any CPU
	EndGlobalSection
	GlobalSection(SolutionProperties) = preSolution
		HideSolutionNode = FALSE
	EndGlobalSection
	GlobalSection(ExtensibilityGlobals) = postSolution
		SolutionGuid = {736F0BDD-A022-45F4-B307-1D890AB9DF13}
	EndGlobalSection
EndGlobal
